
Microsoft Visual Studio Solution File, Format Version 12.00
# Visual Studio Version 17
VisualStudioVersion = 17.10.35013.160
MinimumVisualStudioVersion = 10.0.40219.1
Project("{FAE04EC0-301F-11D3-BF4B-00C04F79EFBC}") = "Git_test", "Git_test\Git_test.csproj", "{B9219747-CAAE-4E7A-AAB8-FDE1CF24FED8}"
EndProject
Global
	GlobalSection(SolutionConfigurationPlatforms) = preSolution
		Debug|Any CPU = Debug|Any CPU
		Release|Any CPU = Release|Any CPU
	EndGlobalSection
	GlobalSection(ProjectConfigurationPlatforms) = postSolution
		{B9219747-CAAE-4E7A-AAB8-FDE1CF24FED8}.Debug|Any CPU.ActiveCfg = Debug|Any CPU
		{B9219747-CAAE-4E7A-AAB8-FDE1CF24FED8}.Debug|Any CPU.Build.0 = Debug|Any CPU
		{B9219747-CAAE-4E7A-AAB8-FDE1CF24FED8}.Release|Any CPU.ActiveCfg = Release|Any CPU
		{B9219747-CAAE-4E7A-AAB8-FDE1CF24FED8}.Release|Any CPU.Build.0 = Release|Any CPU
	EndGlobalSection
	GlobalSection(SolutionProperties) = preSolution
		HideSolutionNode = FALSE
	EndGlobalSection
	GlobalSection(ExtensibilityGlobals) = postSolution
		SolutionGuid = {15E9F45F-1199-4BF9-B345-09C44894C27E}
	EndGlobalSection
EndGlobal
